
Microsoft Visual Studio Solution File, Format Version 12.00
# Visual Studio Version 17
VisualStudioVersion = 17.3.32825.248
MinimumVisualStudioVersion = 10.0.40219.1
Project("{9A19103F-16F7-4668-BE54-9A1E7A4F7556}") = "RestExercise1", "RestExercise1\RestExercise1.csproj", "{2A4AD4C5-F3B6-443D-A618-24BAB5A5CE9D}"
EndProject
Project("{9A19103F-16F7-4668-BE54-9A1E7A4F7556}") = "RestExercise1Tests", "RestExercise1Tests\RestExercise1Tests.csproj", "{B080FBE9-E97C-4CAC-A2F2-D7F1A52A7376}"
EndProject
Global
	GlobalSection(SolutionConfigurationPlatforms) = preSolution
		Debug|Any CPU = Debug|Any CPU
		Release|Any CPU = Release|Any CPU
	EndGlobalSection
	GlobalSection(ProjectConfigurationPlatforms) = postSolution
		{2A4AD4C5-F3B6-443D-A618-24BAB5A5CE9D}.Debug|Any CPU.ActiveCfg = Debug|Any CPU
		{2A4AD4C5-F3B6-443D-A618-24BAB5A5CE9D}.Debug|Any CPU.Build.0 = Debug|Any CPU
		{2A4AD4C5-F3B6-443D-A618-24BAB5A5CE9D}.Release|Any CPU.ActiveCfg = Release|Any CPU
		{2A4AD4C5-F3B6-443D-A618-24BAB5A5CE9D}.Release|Any CPU.Build.0 = Release|Any CPU
		{B080FBE9-E97C-4CAC-A2F2-D7F1A52A7376}.Debug|Any CPU.ActiveCfg = Debug|Any CPU
		{B080FBE9-E97C-4CAC-A2F2-D7F1A52A7376}.Debug|Any CPU.Build.0 = Debug|Any CPU
		{B080FBE9-E97C-4CAC-A2F2-D7F1A52A7376}.Release|Any CPU.ActiveCfg = Release|Any CPU
		{B080FBE9-E97C-4CAC-A2F2-D7F1A52A7376}.Release|Any CPU.Build.0 = Release|Any CPU
	EndGlobalSection
	GlobalSection(SolutionProperties) = preSolution
		HideSolutionNode = FALSE
	EndGlobalSection
	GlobalSection(ExtensibilityGlobals) = postSolution
		SolutionGuid = {4C64B12E-96C8-4A19-9DE6-DE768F5D1EEC}
	EndGlobalSection
EndGlobal
