
Microsoft Visual Studio Solution File, Format Version 12.00
# Visual Studio Version 17
VisualStudioVersion = 17.3.32901.215
MinimumVisualStudioVersion = 10.0.40219.1
Project("{FAE04EC0-301F-11D3-BF4B-00C04F79EFBC}") = "CalculatorApp", "CalculatorApp\CalculatorApp.csproj", "{D8A75448-4B85-483F-B7F2-C85F2C8A9BB7}"
EndProject
Global
	GlobalSection(SolutionConfigurationPlatforms) = preSolution
		Debug|Any CPU = Debug|Any CPU
		Release|Any CPU = Release|Any CPU
	EndGlobalSection
	GlobalSection(ProjectConfigurationPlatforms) = postSolution
		{D8A75448-4B85-483F-B7F2-C85F2C8A9BB7}.Debug|Any CPU.ActiveCfg = Debug|Any CPU
		{D8A75448-4B85-483F-B7F2-C85F2C8A9BB7}.Debug|Any CPU.Build.0 = Debug|Any CPU
		{D8A75448-4B85-483F-B7F2-C85F2C8A9BB7}.Release|Any CPU.ActiveCfg = Release|Any CPU
		{D8A75448-4B85-483F-B7F2-C85F2C8A9BB7}.Release|Any CPU.Build.0 = Release|Any CPU
	EndGlobalSection
	GlobalSection(SolutionProperties) = preSolution
		HideSolutionNode = FALSE
	EndGlobalSection
	GlobalSection(ExtensibilityGlobals) = postSolution
		SolutionGuid = {D6CF2D49-4202-472E-89DA-C1DE2D5B8914}
	EndGlobalSection
EndGlobal
