
Microsoft Visual Studio Solution File, Format Version 12.00
# Visual Studio Version 16
VisualStudioVersion = 16.0.31624.102
MinimumVisualStudioVersion = 10.0.40219.1
Project("{FAE04EC0-301F-11D3-BF4B-00C04F79EFBC}") = "UML2 Pizza", "UML2 Pizza\UML2 Pizza.csproj", "{104DFA1E-2766-4C4F-8403-3FF62C0C9E64}"
EndProject
Global
	GlobalSection(SolutionConfigurationPlatforms) = preSolution
		Debug|Any CPU = Debug|Any CPU
		Release|Any CPU = Release|Any CPU
	EndGlobalSection
	GlobalSection(ProjectConfigurationPlatforms) = postSolution
		{104DFA1E-2766-4C4F-8403-3FF62C0C9E64}.Debug|Any CPU.ActiveCfg = Debug|Any CPU
		{104DFA1E-2766-4C4F-8403-3FF62C0C9E64}.Debug|Any CPU.Build.0 = Debug|Any CPU
		{104DFA1E-2766-4C4F-8403-3FF62C0C9E64}.Release|Any CPU.ActiveCfg = Release|Any CPU
		{104DFA1E-2766-4C4F-8403-3FF62C0C9E64}.Release|Any CPU.Build.0 = Release|Any CPU
	EndGlobalSection
	GlobalSection(SolutionProperties) = preSolution
		HideSolutionNode = FALSE
	EndGlobalSection
	GlobalSection(ExtensibilityGlobals) = postSolution
		SolutionGuid = {64437F38-AD3B-42CC-9E3C-7150A83FF17B}
	EndGlobalSection
EndGlobal
