
Microsoft Visual Studio Solution File, Format Version 12.00
# Visual Studio Version 17
VisualStudioVersion = 17.4.33213.308
MinimumVisualStudioVersion = 10.0.40219.1
Project("{9A19103F-16F7-4668-BE54-9A1E7A4F7556}") = "TCPServerLib", "TCPServerLib\TCPServerLib.csproj", "{8B1F9E7D-FAEA-4087-B161-F614BDE393DA}"
EndProject
Project("{FAE04EC0-301F-11D3-BF4B-00C04F79EFBC}") = "TryMyServer", "TryMyServer\TryMyServer.csproj", "{6604C3F0-5D50-4D27-926A-3FFAD5844979}"
EndProject
Global
	GlobalSection(SolutionConfigurationPlatforms) = preSolution
		Debug|Any CPU = Debug|Any CPU
		Release|Any CPU = Release|Any CPU
	EndGlobalSection
	GlobalSection(ProjectConfigurationPlatforms) = postSolution
		{8B1F9E7D-FAEA-4087-B161-F614BDE393DA}.Debug|Any CPU.ActiveCfg = Debug|Any CPU
		{8B1F9E7D-FAEA-4087-B161-F614BDE393DA}.Debug|Any CPU.Build.0 = Debug|Any CPU
		{8B1F9E7D-FAEA-4087-B161-F614BDE393DA}.Release|Any CPU.ActiveCfg = Release|Any CPU
		{8B1F9E7D-FAEA-4087-B161-F614BDE393DA}.Release|Any CPU.Build.0 = Release|Any CPU
		{6604C3F0-5D50-4D27-926A-3FFAD5844979}.Debug|Any CPU.ActiveCfg = Debug|Any CPU
		{6604C3F0-5D50-4D27-926A-3FFAD5844979}.Debug|Any CPU.Build.0 = Debug|Any CPU
		{6604C3F0-5D50-4D27-926A-3FFAD5844979}.Release|Any CPU.ActiveCfg = Release|Any CPU
		{6604C3F0-5D50-4D27-926A-3FFAD5844979}.Release|Any CPU.Build.0 = Release|Any CPU
	EndGlobalSection
	GlobalSection(SolutionProperties) = preSolution
		HideSolutionNode = FALSE
	EndGlobalSection
	GlobalSection(ExtensibilityGlobals) = postSolution
		SolutionGuid = {0A4B4F39-B1AB-4791-AED5-897AB8661EBA}
	EndGlobalSection
EndGlobal
