
Microsoft Visual Studio Solution File, Format Version 12.00
# Visual Studio Version 17
VisualStudioVersion = 17.3.32901.215
MinimumVisualStudioVersion = 10.0.40219.1
Project("{9A19103F-16F7-4668-BE54-9A1E7A4F7556}") = "Refactoring_Exercise", "Refactoring_Exercise\Refactoring_Exercise.csproj", "{ED3A29FC-9B2B-439D-B5F1-F034C606173F}"
EndProject
Project("{9A19103F-16F7-4668-BE54-9A1E7A4F7556}") = "UnitTestProject_Refactoring", "UnitTestProject_Refactoring\UnitTestProject_Refactoring.csproj", "{7B0DF4D5-1E50-4A14-A910-62EDEBE8DFC5}"
EndProject
Global
	GlobalSection(SolutionConfigurationPlatforms) = preSolution
		Debug|Any CPU = Debug|Any CPU
		Release|Any CPU = Release|Any CPU
	EndGlobalSection
	GlobalSection(ProjectConfigurationPlatforms) = postSolution
		{ED3A29FC-9B2B-439D-B5F1-F034C606173F}.Debug|Any CPU.ActiveCfg = Debug|Any CPU
		{ED3A29FC-9B2B-439D-B5F1-F034C606173F}.Debug|Any CPU.Build.0 = Debug|Any CPU
		{ED3A29FC-9B2B-439D-B5F1-F034C606173F}.Release|Any CPU.ActiveCfg = Release|Any CPU
		{ED3A29FC-9B2B-439D-B5F1-F034C606173F}.Release|Any CPU.Build.0 = Release|Any CPU
		{7B0DF4D5-1E50-4A14-A910-62EDEBE8DFC5}.Debug|Any CPU.ActiveCfg = Debug|Any CPU
		{7B0DF4D5-1E50-4A14-A910-62EDEBE8DFC5}.Debug|Any CPU.Build.0 = Debug|Any CPU
		{7B0DF4D5-1E50-4A14-A910-62EDEBE8DFC5}.Release|Any CPU.ActiveCfg = Release|Any CPU
		{7B0DF4D5-1E50-4A14-A910-62EDEBE8DFC5}.Release|Any CPU.Build.0 = Release|Any CPU
	EndGlobalSection
	GlobalSection(SolutionProperties) = preSolution
		HideSolutionNode = FALSE
	EndGlobalSection
	GlobalSection(ExtensibilityGlobals) = postSolution
		SolutionGuid = {B1173292-8058-45FD-9F6D-DD87690B99D5}
	EndGlobalSection
EndGlobal
