
Microsoft Visual Studio Solution File, Format Version 12.00
# Visual Studio Version 16
VisualStudioVersion = 16.0.31624.102
MinimumVisualStudioVersion = 10.0.40219.1
Project("{FAE04EC0-301F-11D3-BF4B-00C04F79EFBC}") = "UML2MyOwn", "UML2MyOwn\UML2MyOwn.csproj", "{D3C44B7B-715F-494B-A49A-019DD9101716}"
EndProject
Global
	GlobalSection(SolutionConfigurationPlatforms) = preSolution
		Debug|Any CPU = Debug|Any CPU
		Release|Any CPU = Release|Any CPU
	EndGlobalSection
	GlobalSection(ProjectConfigurationPlatforms) = postSolution
		{D3C44B7B-715F-494B-A49A-019DD9101716}.Debug|Any CPU.ActiveCfg = Debug|Any CPU
		{D3C44B7B-715F-494B-A49A-019DD9101716}.Debug|Any CPU.Build.0 = Debug|Any CPU
		{D3C44B7B-715F-494B-A49A-019DD9101716}.Release|Any CPU.ActiveCfg = Release|Any CPU
		{D3C44B7B-715F-494B-A49A-019DD9101716}.Release|Any CPU.Build.0 = Release|Any CPU
	EndGlobalSection
	GlobalSection(SolutionProperties) = preSolution
		HideSolutionNode = FALSE
	EndGlobalSection
	GlobalSection(ExtensibilityGlobals) = postSolution
		SolutionGuid = {F9C71BD7-9F7D-4EF2-8435-475DB5E7A9C0}
	EndGlobalSection
EndGlobal
