
Microsoft Visual Studio Solution File, Format Version 12.00
# Visual Studio Version 16
VisualStudioVersion = 16.0.31911.196
MinimumVisualStudioVersion = 10.0.40219.1
Project("{FAE04EC0-301F-11D3-BF4B-00C04F79EFBC}") = "Portofolie", "Portofolie.csproj", "{810100B9-1C45-4AC4-B5AD-EDB325F1E624}"
EndProject
Global
	GlobalSection(SolutionConfigurationPlatforms) = preSolution
		Debug|Any CPU = Debug|Any CPU
		Release|Any CPU = Release|Any CPU
	EndGlobalSection
	GlobalSection(ProjectConfigurationPlatforms) = postSolution
		{810100B9-1C45-4AC4-B5AD-EDB325F1E624}.Debug|Any CPU.ActiveCfg = Debug|Any CPU
		{810100B9-1C45-4AC4-B5AD-EDB325F1E624}.Debug|Any CPU.Build.0 = Debug|Any CPU
		{810100B9-1C45-4AC4-B5AD-EDB325F1E624}.Release|Any CPU.ActiveCfg = Release|Any CPU
		{810100B9-1C45-4AC4-B5AD-EDB325F1E624}.Release|Any CPU.Build.0 = Release|Any CPU
	EndGlobalSection
	GlobalSection(SolutionProperties) = preSolution
		HideSolutionNode = FALSE
	EndGlobalSection
	GlobalSection(ExtensibilityGlobals) = postSolution
		SolutionGuid = {8DF5F303-CCF0-48DE-AEAD-F3B7E4702C95}
	EndGlobalSection
EndGlobal
