
Microsoft Visual Studio Solution File, Format Version 12.00
# Visual Studio Version 17
VisualStudioVersion = 17.4.33213.308
MinimumVisualStudioVersion = 10.0.40219.1
Project("{9A19103F-16F7-4668-BE54-9A1E7A4F7556}") = "MandatoryAssignmentLibrary", "MandatoryAssignmentLibrary\MandatoryAssignmentLibrary.csproj", "{B8FD1C17-D431-496D-A924-4E701713F54F}"
EndProject
Project("{FAE04EC0-301F-11D3-BF4B-00C04F79EFBC}") = "Sandbox", "Sandbox\Sandbox.csproj", "{89F2ACC4-7C92-496E-BD00-FA6693D0DCC7}"
EndProject
Global
	GlobalSection(SolutionConfigurationPlatforms) = preSolution
		Debug|Any CPU = Debug|Any CPU
		Release|Any CPU = Release|Any CPU
	EndGlobalSection
	GlobalSection(ProjectConfigurationPlatforms) = postSolution
		{B8FD1C17-D431-496D-A924-4E701713F54F}.Debug|Any CPU.ActiveCfg = Debug|Any CPU
		{B8FD1C17-D431-496D-A924-4E701713F54F}.Debug|Any CPU.Build.0 = Debug|Any CPU
		{B8FD1C17-D431-496D-A924-4E701713F54F}.Release|Any CPU.ActiveCfg = Release|Any CPU
		{B8FD1C17-D431-496D-A924-4E701713F54F}.Release|Any CPU.Build.0 = Release|Any CPU
		{89F2ACC4-7C92-496E-BD00-FA6693D0DCC7}.Debug|Any CPU.ActiveCfg = Debug|Any CPU
		{89F2ACC4-7C92-496E-BD00-FA6693D0DCC7}.Debug|Any CPU.Build.0 = Debug|Any CPU
		{89F2ACC4-7C92-496E-BD00-FA6693D0DCC7}.Release|Any CPU.ActiveCfg = Release|Any CPU
		{89F2ACC4-7C92-496E-BD00-FA6693D0DCC7}.Release|Any CPU.Build.0 = Release|Any CPU
	EndGlobalSection
	GlobalSection(SolutionProperties) = preSolution
		HideSolutionNode = FALSE
	EndGlobalSection
	GlobalSection(ExtensibilityGlobals) = postSolution
		SolutionGuid = {D756423D-CB7B-4CAC-AF00-FA311B166163}
	EndGlobalSection
EndGlobal
