
Microsoft Visual Studio Solution File, Format Version 12.00
# Visual Studio Version 17
VisualStudioVersion = 17.3.32901.215
MinimumVisualStudioVersion = 10.0.40219.1
Project("{9A19103F-16F7-4668-BE54-9A1E7A4F7556}") = "PairProgrammingRestJS", "PairProgrammingRestJS\PairProgrammingRestJS.csproj", "{38C85F6C-8B8A-4414-8137-F692056800A1}"
EndProject
Project("{FAE04EC0-301F-11D3-BF4B-00C04F79EFBC}") = "PairProgrammingRestJSTests", "PairProgrammingRestJSTests\PairProgrammingRestJSTests.csproj", "{218DB7F7-F262-472A-B5CB-043FC4342B3B}"
EndProject
Global
	GlobalSection(SolutionConfigurationPlatforms) = preSolution
		Debug|Any CPU = Debug|Any CPU
		Release|Any CPU = Release|Any CPU
	EndGlobalSection
	GlobalSection(ProjectConfigurationPlatforms) = postSolution
		{38C85F6C-8B8A-4414-8137-F692056800A1}.Debug|Any CPU.ActiveCfg = Debug|Any CPU
		{38C85F6C-8B8A-4414-8137-F692056800A1}.Debug|Any CPU.Build.0 = Debug|Any CPU
		{38C85F6C-8B8A-4414-8137-F692056800A1}.Release|Any CPU.ActiveCfg = Release|Any CPU
		{38C85F6C-8B8A-4414-8137-F692056800A1}.Release|Any CPU.Build.0 = Release|Any CPU
		{218DB7F7-F262-472A-B5CB-043FC4342B3B}.Debug|Any CPU.ActiveCfg = Debug|Any CPU
		{218DB7F7-F262-472A-B5CB-043FC4342B3B}.Debug|Any CPU.Build.0 = Debug|Any CPU
		{218DB7F7-F262-472A-B5CB-043FC4342B3B}.Release|Any CPU.ActiveCfg = Release|Any CPU
		{218DB7F7-F262-472A-B5CB-043FC4342B3B}.Release|Any CPU.Build.0 = Release|Any CPU
	EndGlobalSection
	GlobalSection(SolutionProperties) = preSolution
		HideSolutionNode = FALSE
	EndGlobalSection
	GlobalSection(ExtensibilityGlobals) = postSolution
		SolutionGuid = {E22C40F8-871A-4405-9C01-F2C7A7ABADB2}
	EndGlobalSection
EndGlobal
