
Microsoft Visual Studio Solution File, Format Version 12.00
# Visual Studio Version 17
VisualStudioVersion = 17.3.32825.248
MinimumVisualStudioVersion = 10.0.40219.1
Project("{FAE04EC0-301F-11D3-BF4B-00C04F79EFBC}") = "Bank", "Bank\Bank.csproj", "{9426A23D-81FC-4635-9612-749F03586903}"
EndProject
Project("{FAE04EC0-301F-11D3-BF4B-00C04F79EFBC}") = "BankTests", "BankTests\BankTests.csproj", "{7203BEF9-926D-441B-92F8-78F01C5E1F36}"
EndProject
Global
	GlobalSection(SolutionConfigurationPlatforms) = preSolution
		Debug|Any CPU = Debug|Any CPU
		Release|Any CPU = Release|Any CPU
	EndGlobalSection
	GlobalSection(ProjectConfigurationPlatforms) = postSolution
		{9426A23D-81FC-4635-9612-749F03586903}.Debug|Any CPU.ActiveCfg = Debug|Any CPU
		{9426A23D-81FC-4635-9612-749F03586903}.Debug|Any CPU.Build.0 = Debug|Any CPU
		{9426A23D-81FC-4635-9612-749F03586903}.Release|Any CPU.ActiveCfg = Release|Any CPU
		{9426A23D-81FC-4635-9612-749F03586903}.Release|Any CPU.Build.0 = Release|Any CPU
		{7203BEF9-926D-441B-92F8-78F01C5E1F36}.Debug|Any CPU.ActiveCfg = Debug|Any CPU
		{7203BEF9-926D-441B-92F8-78F01C5E1F36}.Debug|Any CPU.Build.0 = Debug|Any CPU
		{7203BEF9-926D-441B-92F8-78F01C5E1F36}.Release|Any CPU.ActiveCfg = Release|Any CPU
		{7203BEF9-926D-441B-92F8-78F01C5E1F36}.Release|Any CPU.Build.0 = Release|Any CPU
	EndGlobalSection
	GlobalSection(SolutionProperties) = preSolution
		HideSolutionNode = FALSE
	EndGlobalSection
	GlobalSection(ExtensibilityGlobals) = postSolution
		SolutionGuid = {F3A3EE0B-CD7D-49AB-99CF-4327671A11ED}
	EndGlobalSection
EndGlobal
