
Microsoft Visual Studio Solution File, Format Version 12.00
# Visual Studio Version 16
VisualStudioVersion = 16.0.31624.102
MinimumVisualStudioVersion = 10.0.40219.1
Project("{E24C65DC-7377-472B-9ABA-BC803B73C61A}") = "MySite", "http://localhost:56404", "{BCA075A4-E29C-4921-8122-4D348DDA84A6}"
	ProjectSection(WebsiteProperties) = preProject
		UseIISExpress = "true"
		TargetFrameworkMoniker = ".NETFramework,Version%3Dv4.0"
		Debug.AspNetCompiler.VirtualPath = "/localhost_56404"
		Debug.AspNetCompiler.PhysicalPath = "..\..\..\Documents\My Web Sites\MySite\"
		Debug.AspNetCompiler.TargetPath = "PrecompiledWeb\localhost_56404\"
		Debug.AspNetCompiler.Updateable = "true"
		Debug.AspNetCompiler.ForceOverwrite = "true"
		Debug.AspNetCompiler.FixedNames = "false"
		Debug.AspNetCompiler.Debug = "True"
		Release.AspNetCompiler.VirtualPath = "/localhost_56404"
		Release.AspNetCompiler.PhysicalPath = "..\..\..\Documents\My Web Sites\MySite\"
		Release.AspNetCompiler.TargetPath = "PrecompiledWeb\localhost_56404\"
		Release.AspNetCompiler.Updateable = "true"
		Release.AspNetCompiler.ForceOverwrite = "true"
		Release.AspNetCompiler.FixedNames = "false"
		Release.AspNetCompiler.Debug = "False"
		SlnRelativePath = "..\..\..\Documents\My Web Sites\MySite\"
	EndProjectSection
EndProject
Global
	GlobalSection(SolutionConfigurationPlatforms) = preSolution
		Debug|Any CPU = Debug|Any CPU
	EndGlobalSection
	GlobalSection(ProjectConfigurationPlatforms) = postSolution
		{BCA075A4-E29C-4921-8122-4D348DDA84A6}.Debug|Any CPU.ActiveCfg = Debug|Any CPU
		{BCA075A4-E29C-4921-8122-4D348DDA84A6}.Debug|Any CPU.Build.0 = Debug|Any CPU
	EndGlobalSection
	GlobalSection(SolutionProperties) = preSolution
		HideSolutionNode = FALSE
	EndGlobalSection
	GlobalSection(ExtensibilityGlobals) = postSolution
		SolutionGuid = {C26056E5-F174-4099-822A-5BA5CA8C7805}
	EndGlobalSection
EndGlobal
