
Microsoft Visual Studio Solution File, Format Version 12.00
# Visual Studio Version 16
VisualStudioVersion = 16.0.31624.102
MinimumVisualStudioVersion = 10.0.40219.1
Project("{FAE04EC0-301F-11D3-BF4B-00C04F79EFBC}") = "PizzaStore", "PizzaStore.csproj", "{017E041B-1BD1-466F-8BD3-01E017E9A642}"
EndProject
Global
	GlobalSection(SolutionConfigurationPlatforms) = preSolution
		Debug|Any CPU = Debug|Any CPU
		Release|Any CPU = Release|Any CPU
	EndGlobalSection
	GlobalSection(ProjectConfigurationPlatforms) = postSolution
		{017E041B-1BD1-466F-8BD3-01E017E9A642}.Debug|Any CPU.ActiveCfg = Debug|Any CPU
		{017E041B-1BD1-466F-8BD3-01E017E9A642}.Debug|Any CPU.Build.0 = Debug|Any CPU
		{017E041B-1BD1-466F-8BD3-01E017E9A642}.Release|Any CPU.ActiveCfg = Release|Any CPU
		{017E041B-1BD1-466F-8BD3-01E017E9A642}.Release|Any CPU.Build.0 = Release|Any CPU
	EndGlobalSection
	GlobalSection(SolutionProperties) = preSolution
		HideSolutionNode = FALSE
	EndGlobalSection
	GlobalSection(ExtensibilityGlobals) = postSolution
		SolutionGuid = {F99C9A15-7ECE-4FDA-BCF1-DD0CE7071EEF}
	EndGlobalSection
EndGlobal
